
Microsoft Visual Studio Solution File, Format Version 12.00
# Visual Studio Version 17
VisualStudioVersion = 17.0.31919.166
MinimumVisualStudioVersion = 10.0.40219.1
Project("{888888A0-9F3D-457C-B088-3A5042F75D52}") = "Praktiline-ulesanne", "Praktiline-ulesanne\Praktiline-ulesanne.pyproj", "{25E60116-7FF4-43CD-A5A9-8B87FB494B87}"
EndProject
Global
	GlobalSection(SolutionConfigurationPlatforms) = preSolution
		Debug|Any CPU = Debug|Any CPU
		Release|Any CPU = Release|Any CPU
	EndGlobalSection
	GlobalSection(ProjectConfigurationPlatforms) = postSolution
		{25E60116-7FF4-43CD-A5A9-8B87FB494B87}.Debug|Any CPU.ActiveCfg = Debug|Any CPU
		{25E60116-7FF4-43CD-A5A9-8B87FB494B87}.Release|Any CPU.ActiveCfg = Release|Any CPU
	EndGlobalSection
	GlobalSection(SolutionProperties) = preSolution
		HideSolutionNode = FALSE
	EndGlobalSection
	GlobalSection(ExtensibilityGlobals) = postSolution
		SolutionGuid = {2AD83594-4B43-4365-9E22-46E81A26D0C5}
	EndGlobalSection
EndGlobal
